
Microsoft Visual Studio Solution File, Format Version 12.00
# Visual Studio 15
VisualStudioVersion = 15.0.26730.12
MinimumVisualStudioVersion = 10.0.40219.1
Project("{FAE04EC0-301F-11D3-BF4B-00C04F79EFBC}") = "MarkdownViewer", "MarkdownViewer\MarkdownViewer.csproj", "{2898DDFA-BCAC-4056-862E-33969C7D1AFE}"
EndProject
Global
	GlobalSection(SolutionConfigurationPlatforms) = preSolution
		Debug|Any CPU = Debug|Any CPU
		Release|Any CPU = Release|Any CPU
	EndGlobalSection
	GlobalSection(ProjectConfigurationPlatforms) = postSolution
		{2898DDFA-BCAC-4056-862E-33969C7D1AFE}.Debug|Any CPU.ActiveCfg = Debug|Any CPU
		{2898DDFA-BCAC-4056-862E-33969C7D1AFE}.Debug|Any CPU.Build.0 = Debug|Any CPU
		{2898DDFA-BCAC-4056-862E-33969C7D1AFE}.Release|Any CPU.ActiveCfg = Release|Any CPU
		{2898DDFA-BCAC-4056-862E-33969C7D1AFE}.Release|Any CPU.Build.0 = Release|Any CPU
	EndGlobalSection
	GlobalSection(SolutionProperties) = preSolution
		HideSolutionNode = FALSE
	EndGlobalSection
	GlobalSection(ExtensibilityGlobals) = postSolution
		SolutionGuid = {AEA9B9B4-3805-4349-93BE-DAD032D8F5D9}
	EndGlobalSection
EndGlobal
